# THIS IS AN AUTOGENERATED FILE. DO NOT EDIT THIS FILE DIRECTLY.
# yarn lockfile v1


zustand@^5.0.3:
  version "5.0.3"
  resolved "https://registry.yarnpkg.com/zustand/-/zustand-5.0.3.tgz#b323435b73d06b2512e93c77239634374b0e407f"
  integrity sha512-14fwWQtU3pH4dE0dOpdMiWjddcH+QzKIgk1cl8epwSE7yag43k/AD/m4L6+K7DytAOr9gGBe3/EXj9g7cdostg==
